
Microsoft Visual Studio Solution File, Format Version 12.00
# Visual Studio Version 16
VisualStudioVersion = 16.0.31624.102
MinimumVisualStudioVersion = 10.0.40219.1
Project("{FAE04EC0-301F-11D3-BF4B-00C04F79EFBC}") = "oop-lesson5-eightball", "oop-lesson5-eightball.csproj", "{44528BC8-606A-4C90-80FB-A9C909C08073}"
EndProject
Global
	GlobalSection(SolutionConfigurationPlatforms) = preSolution
		Debug|Any CPU = Debug|Any CPU
		Release|Any CPU = Release|Any CPU
	EndGlobalSection
	GlobalSection(ProjectConfigurationPlatforms) = postSolution
		{44528BC8-606A-4C90-80FB-A9C909C08073}.Debug|Any CPU.ActiveCfg = Debug|Any CPU
		{44528BC8-606A-4C90-80FB-A9C909C08073}.Debug|Any CPU.Build.0 = Debug|Any CPU
		{44528BC8-606A-4C90-80FB-A9C909C08073}.Release|Any CPU.ActiveCfg = Release|Any CPU
		{44528BC8-606A-4C90-80FB-A9C909C08073}.Release|Any CPU.Build.0 = Release|Any CPU
	EndGlobalSection
	GlobalSection(SolutionProperties) = preSolution
		HideSolutionNode = FALSE
	EndGlobalSection
	GlobalSection(ExtensibilityGlobals) = postSolution
		SolutionGuid = {7EE3E174-0CCB-4F66-B8B1-C57CB6D0DEC9}
	EndGlobalSection
EndGlobal
